
Microsoft Visual Studio Solution File, Format Version 12.00
# Visual Studio Version 17
VisualStudioVersion = 17.2.32526.322
MinimumVisualStudioVersion = 10.0.40219.1
Project("{FAE04EC0-301F-11D3-BF4B-00C04F79EFBC}") = "Camera Rental System", "Camera Rental System\Camera Rental System.csproj", "{300095AF-6AAD-4256-A573-DC3A3CB6F3EC}"
EndProject
Global
	GlobalSection(SolutionConfigurationPlatforms) = preSolution
		Debug|Any CPU = Debug|Any CPU
		Release|Any CPU = Release|Any CPU
	EndGlobalSection
	GlobalSection(ProjectConfigurationPlatforms) = postSolution
		{300095AF-6AAD-4256-A573-DC3A3CB6F3EC}.Debug|Any CPU.ActiveCfg = Debug|Any CPU
		{300095AF-6AAD-4256-A573-DC3A3CB6F3EC}.Debug|Any CPU.Build.0 = Debug|Any CPU
		{300095AF-6AAD-4256-A573-DC3A3CB6F3EC}.Release|Any CPU.ActiveCfg = Release|Any CPU
		{300095AF-6AAD-4256-A573-DC3A3CB6F3EC}.Release|Any CPU.Build.0 = Release|Any CPU
	EndGlobalSection
	GlobalSection(SolutionProperties) = preSolution
		HideSolutionNode = FALSE
	EndGlobalSection
	GlobalSection(ExtensibilityGlobals) = postSolution
		SolutionGuid = {4A6993CB-DC01-4FF4-8A0B-E1A015121FD9}
	EndGlobalSection
EndGlobal
